
Microsoft Visual Studio Solution File, Format Version 12.00
# Visual Studio 15
VisualStudioVersion = 15.0.26730.15
MinimumVisualStudioVersion = 10.0.40219.1
Project("{FAE04EC0-301F-11D3-BF4B-00C04F79EFBC}") = "NServiceBusStructureMapDataBusError", "NServiceBusStructureMapDataBusError\NServiceBusStructureMapDataBusError.csproj", "{5DEC4DC8-4737-4977-ACB9-9C25877CD955}"
EndProject
Global
	GlobalSection(SolutionConfigurationPlatforms) = preSolution
		Debug|Any CPU = Debug|Any CPU
		Release|Any CPU = Release|Any CPU
	EndGlobalSection
	GlobalSection(ProjectConfigurationPlatforms) = postSolution
		{5DEC4DC8-4737-4977-ACB9-9C25877CD955}.Debug|Any CPU.ActiveCfg = Debug|Any CPU
		{5DEC4DC8-4737-4977-ACB9-9C25877CD955}.Debug|Any CPU.Build.0 = Debug|Any CPU
		{5DEC4DC8-4737-4977-ACB9-9C25877CD955}.Release|Any CPU.ActiveCfg = Release|Any CPU
		{5DEC4DC8-4737-4977-ACB9-9C25877CD955}.Release|Any CPU.Build.0 = Release|Any CPU
	EndGlobalSection
	GlobalSection(SolutionProperties) = preSolution
		HideSolutionNode = FALSE
	EndGlobalSection
	GlobalSection(ExtensibilityGlobals) = postSolution
		SolutionGuid = {6D56F6A3-005B-4696-880B-251C5345D72A}
	EndGlobalSection
EndGlobal
